Microsoft Visual Studio Solution File, Format Version 12.00
# Visual Studio 2012
Project("{F184B08F-C81C-45F6-A57F-5ABD9991F28F}") = "Grid_BottomNewItemRow", "Grid_BottomNewItemRow\Grid_BottomNewItemRow.vbproj", "{34BC8ACB-BF14-4929-971D-D856883116EC}"
EndProject
Global
	GlobalSection(SolutionConfigurationPlatforms) = preSolution
		Debug|x86 = Debug|x86
		Release|x86 = Release|x86
	EndGlobalSection
	GlobalSection(ProjectConfigurationPlatforms) = postSolution
		{34BC8ACB-BF14-4929-971D-D856883116EC}.Debug|x86.ActiveCfg = Debug|x86
		{34BC8ACB-BF14-4929-971D-D856883116EC}.Debug|x86.Build.0 = Debug|x86
		{34BC8ACB-BF14-4929-971D-D856883116EC}.Release|x86.ActiveCfg = Release|x86
		{34BC8ACB-BF14-4929-971D-D856883116EC}.Release|x86.Build.0 = Release|x86
	EndGlobalSection
	GlobalSection(SolutionProperties) = preSolution
		HideSolutionNode = FALSE
	EndGlobalSection
EndGlobal
